{
  "originHash" : "9a1101a9f381ba34eb8e08ae2a88f7774457ac3e8c9da2d3f76209eeac3ea7fd",
  "pins" : [
    {
      "identity" : "fluidaudioswift",
      "kind" : "remoteSourceControl",
      "location" : "https://github.com/FluidInference/FluidAudioSwift",
      "state" : {
        "branch" : "main",
        "revision" : "bd0467fdc4afd3b39fb2012438aac7c55d7fe881"
      }
    }
  ],
  "version" : 3
}
